
Microsoft Visual Studio Solution File, Format Version 12.00
# Visual Studio Version 17
VisualStudioVersion = 17.7.34024.191
MinimumVisualStudioVersion = 10.0.40219.1
Project("{54A90642-561A-4BB1-A94E-469ADEE60C69}") = "vueapp", "vueapp\vueapp.esproj", "{410CBB22-7DEC-4907-B47A-129BBEC4A7A1}"
EndProject
Project("{9A19103F-16F7-4668-BE54-9A1E7A4F7556}") = "webapi", "webapi\webapi.csproj", "{20FD964B-7C73-471E-B76A-3423A965B7C9}"
EndProject
Global
	GlobalSection(SolutionConfigurationPlatforms) = preSolution
		Debug|Any CPU = Debug|Any CPU
		Release|Any CPU = Release|Any CPU
	EndGlobalSection
	GlobalSection(ProjectConfigurationPlatforms) = postSolution
		{410CBB22-7DEC-4907-B47A-129BBEC4A7A1}.Debug|Any CPU.ActiveCfg = Debug|Any CPU
		{410CBB22-7DEC-4907-B47A-129BBEC4A7A1}.Debug|Any CPU.Build.0 = Debug|Any CPU
		{410CBB22-7DEC-4907-B47A-129BBEC4A7A1}.Debug|Any CPU.Deploy.0 = Debug|Any CPU
		{410CBB22-7DEC-4907-B47A-129BBEC4A7A1}.Release|Any CPU.ActiveCfg = Release|Any CPU
		{410CBB22-7DEC-4907-B47A-129BBEC4A7A1}.Release|Any CPU.Build.0 = Release|Any CPU
		{410CBB22-7DEC-4907-B47A-129BBEC4A7A1}.Release|Any CPU.Deploy.0 = Release|Any CPU
		{20FD964B-7C73-471E-B76A-3423A965B7C9}.Debug|Any CPU.ActiveCfg = Debug|Any CPU
		{20FD964B-7C73-471E-B76A-3423A965B7C9}.Debug|Any CPU.Build.0 = Debug|Any CPU
		{20FD964B-7C73-471E-B76A-3423A965B7C9}.Release|Any CPU.ActiveCfg = Release|Any CPU
		{20FD964B-7C73-471E-B76A-3423A965B7C9}.Release|Any CPU.Build.0 = Release|Any CPU
	EndGlobalSection
	GlobalSection(SolutionProperties) = preSolution
		HideSolutionNode = FALSE
	EndGlobalSection
	GlobalSection(ExtensibilityGlobals) = postSolution
		SolutionGuid = {5438C1CE-DC74-463A-B4C1-F7517D9A421C}
	EndGlobalSection
EndGlobal
